
Microsoft Visual Studio Solution File, Format Version 12.00
# Visual Studio Version 16
VisualStudioVersion = 16.0.30413.136
MinimumVisualStudioVersion = 10.0.40219.1
Project("{FAE04EC0-301F-11D3-BF4B-00C04F79EFBC}") = "AyazNew", "AyazNew\AyazNew.csproj", "{17FEDD06-CA76-4DFF-8422-B7F1070C6CDE}"
EndProject
Project("{2150E333-8FDC-42A3-9474-1A3956D46DE8}") = "Data", "Data", "{AAE2A641-E9CA-4265-AED9-D375B55395E1}"
EndProject
Project("{2150E333-8FDC-42A3-9474-1A3956D46DE8}") = "Model", "Model", "{5476F149-C124-4FA0-A737-229FF321A464}"
EndProject
Project("{2150E333-8FDC-42A3-9474-1A3956D46DE8}") = "Presentation", "Presentation", "{3E372577-64D4-47D1-BC38-E131F885FE85}"
EndProject
Project("{2150E333-8FDC-42A3-9474-1A3956D46DE8}") = "Operation", "Operation", "{7A1B6881-B350-479E-AC31-F83EF50EBA9C}"
EndProject
Project("{FAE04EC0-301F-11D3-BF4B-00C04F79EFBC}") = "AyazNew.Data", "AyazNew.Data\AyazNew.Data.csproj", "{1A4CE9AE-4863-4B06-8157-D38CC160E7A5}"
EndProject
Project("{FAE04EC0-301F-11D3-BF4B-00C04F79EFBC}") = "AyazNew.Repository", "AyazNew.Repository\AyazNew.Repository.csproj", "{316D6E10-5A80-4DD8-8A40-35430C2AEC76}"
EndProject
Project("{FAE04EC0-301F-11D3-BF4B-00C04F79EFBC}") = "AyazNew.Entity", "AyazNew.Entity\AyazNew.Entity.csproj", "{E1456103-D9F0-462B-9D76-0AC6682EB53B}"
EndProject
Project("{FAE04EC0-301F-11D3-BF4B-00C04F79EFBC}") = "AyazNew.Service", "AyazNew.Service\AyazNew.Service.csproj", "{65C212B0-4B5F-4908-B93E-A6872BB0D865}"
EndProject
Global
	GlobalSection(SolutionConfigurationPlatforms) = preSolution
		Debug|Any CPU = Debug|Any CPU
		Release|Any CPU = Release|Any CPU
	EndGlobalSection
	GlobalSection(ProjectConfigurationPlatforms) = postSolution
		{17FEDD06-CA76-4DFF-8422-B7F1070C6CDE}.Debug|Any CPU.ActiveCfg = Debug|Any CPU
		{17FEDD06-CA76-4DFF-8422-B7F1070C6CDE}.Debug|Any CPU.Build.0 = Debug|Any CPU
		{17FEDD06-CA76-4DFF-8422-B7F1070C6CDE}.Release|Any CPU.ActiveCfg = Release|Any CPU
		{17FEDD06-CA76-4DFF-8422-B7F1070C6CDE}.Release|Any CPU.Build.0 = Release|Any CPU
		{1A4CE9AE-4863-4B06-8157-D38CC160E7A5}.Debug|Any CPU.ActiveCfg = Debug|Any CPU
		{1A4CE9AE-4863-4B06-8157-D38CC160E7A5}.Debug|Any CPU.Build.0 = Debug|Any CPU
		{1A4CE9AE-4863-4B06-8157-D38CC160E7A5}.Release|Any CPU.ActiveCfg = Release|Any CPU
		{1A4CE9AE-4863-4B06-8157-D38CC160E7A5}.Release|Any CPU.Build.0 = Release|Any CPU
		{316D6E10-5A80-4DD8-8A40-35430C2AEC76}.Debug|Any CPU.ActiveCfg = Debug|Any CPU
		{316D6E10-5A80-4DD8-8A40-35430C2AEC76}.Debug|Any CPU.Build.0 = Debug|Any CPU
		{316D6E10-5A80-4DD8-8A40-35430C2AEC76}.Release|Any CPU.ActiveCfg = Release|Any CPU
		{316D6E10-5A80-4DD8-8A40-35430C2AEC76}.Release|Any CPU.Build.0 = Release|Any CPU
		{E1456103-D9F0-462B-9D76-0AC6682EB53B}.Debug|Any CPU.ActiveCfg = Debug|Any CPU
		{E1456103-D9F0-462B-9D76-0AC6682EB53B}.Debug|Any CPU.Build.0 = Debug|Any CPU
		{E1456103-D9F0-462B-9D76-0AC6682EB53B}.Release|Any CPU.ActiveCfg = Release|Any CPU
		{E1456103-D9F0-462B-9D76-0AC6682EB53B}.Release|Any CPU.Build.0 = Release|Any CPU
		{65C212B0-4B5F-4908-B93E-A6872BB0D865}.Debug|Any CPU.ActiveCfg = Debug|Any CPU
		{65C212B0-4B5F-4908-B93E-A6872BB0D865}.Debug|Any CPU.Build.0 = Debug|Any CPU
		{65C212B0-4B5F-4908-B93E-A6872BB0D865}.Release|Any CPU.ActiveCfg = Release|Any CPU
		{65C212B0-4B5F-4908-B93E-A6872BB0D865}.Release|Any CPU.Build.0 = Release|Any CPU
	EndGlobalSection
	GlobalSection(SolutionProperties) = preSolution
		HideSolutionNode = FALSE
	EndGlobalSection
	GlobalSection(NestedProjects) = preSolution
		{17FEDD06-CA76-4DFF-8422-B7F1070C6CDE} = {3E372577-64D4-47D1-BC38-E131F885FE85}
		{1A4CE9AE-4863-4B06-8157-D38CC160E7A5} = {AAE2A641-E9CA-4265-AED9-D375B55395E1}
		{316D6E10-5A80-4DD8-8A40-35430C2AEC76} = {AAE2A641-E9CA-4265-AED9-D375B55395E1}
		{E1456103-D9F0-462B-9D76-0AC6682EB53B} = {5476F149-C124-4FA0-A737-229FF321A464}
		{65C212B0-4B5F-4908-B93E-A6872BB0D865} = {7A1B6881-B350-479E-AC31-F83EF50EBA9C}
	EndGlobalSection
	GlobalSection(ExtensibilityGlobals) = postSolution
		SolutionGuid = {3C36910F-7BF4-4540-A770-7FA6D1F95409}
	EndGlobalSection
EndGlobal
